
Microsoft Visual Studio Solution File, Format Version 12.00
# Visual Studio Version 17
VisualStudioVersion = 17.2.32616.157
MinimumVisualStudioVersion = 10.0.40219.1
Project("{9A19103F-16F7-4668-BE54-9A1E7A4F7556}") = "Model", "Model\Model.csproj", "{2960F9BA-49DE-494D-92E3-CE5A794BA1A9}"
EndProject
Project("{2150E333-8FDC-42A3-9474-1A3956D46DE8}") = "Tests", "Tests", "{C76D0C23-1FFA-4963-93CD-E12BD643F030}"
EndProject
Project("{9A19103F-16F7-4668-BE54-9A1E7A4F7556}") = "ConsoleTests", "Tests\ConsoleTests\ConsoleTests.csproj", "{1889FA6E-B7C6-416E-8628-9449FB9070B9}"
EndProject
Project("{9A19103F-16F7-4668-BE54-9A1E7A4F7556}") = "Shared", "Shared\Shared.csproj", "{3B720C0C-53FE-4642-A2DB-87FD8634CD74}"
EndProject
Project("{2150E333-8FDC-42A3-9474-1A3956D46DE8}") = "Stub", "Stub", "{2C607793-B163-4731-A4D1-AFE8A7C4C170}"
EndProject
Project("{9A19103F-16F7-4668-BE54-9A1E7A4F7556}") = "StubLib", "StubLib\StubLib.csproj", "{B01D7EF2-2D64-409A-A29A-61FB7BB7A9DB}"
EndProject
Project("{9A19103F-16F7-4668-BE54-9A1E7A4F7556}") = "Api", "OLO_Champignons\Api.csproj", "{B1356334-8A36-4132-9DEF-50D1366C74AF}"
	ProjectSection(ProjectDependencies) = postProject
		{2960F9BA-49DE-494D-92E3-CE5A794BA1A9} = {2960F9BA-49DE-494D-92E3-CE5A794BA1A9}
		{B01D7EF2-2D64-409A-A29A-61FB7BB7A9DB} = {B01D7EF2-2D64-409A-A29A-61FB7BB7A9DB}
	EndProjectSection
EndProject
Project("{9A19103F-16F7-4668-BE54-9A1E7A4F7556}") = "DTO", "DTO\DTO.csproj", "{7C13E6B4-6FA6-4500-B3D9-9A99CC63EF58}"
EndProject
Project("{9A19103F-16F7-4668-BE54-9A1E7A4F7556}") = "EF_Champions", "EF_Champions\EF_Champions.csproj", "{3CFC1D60-E46A-4027-816D-84653D29503A}"
EndProject
Project("{9A19103F-16F7-4668-BE54-9A1E7A4F7556}") = "ApiControllers", "ChampionControllerTests\ApiControllers.csproj", "{EB213E6E-A525-4028-98FC-620E94B0715A}"
EndProject
Project("{9A19103F-16F7-4668-BE54-9A1E7A4F7556}") = "ApiConsoleClient", "ApiConsoleClient\ApiConsoleClient.csproj", "{DB9ADE11-4EB8-4ACF-9940-61826D891C37}"
EndProject
Project("{2150E333-8FDC-42A3-9474-1A3956D46DE8}") = "API", "API", "{EA080719-20FE-43C3-B1FD-329C5E3F79AF}"
EndProject
Project("{2150E333-8FDC-42A3-9474-1A3956D46DE8}") = "EF", "EF", "{9228BBDA-0FFE-437A-AE95-92C2F8131F6E}"
EndProject
Project("{FAE04EC0-301F-11D3-BF4B-00C04F79EFBC}") = "EntityFramework_UT", "EntityFramework_UT\EntityFramework_UT.csproj", "{5951450B-F673-432E-B41F-EE406281A55C}"
EndProject
Global
	GlobalSection(SolutionConfigurationPlatforms) = preSolution
		Debug|Any CPU = Debug|Any CPU
		Release|Any CPU = Release|Any CPU
	EndGlobalSection
	GlobalSection(ProjectConfigurationPlatforms) = postSolution
		{2960F9BA-49DE-494D-92E3-CE5A794BA1A9}.Debug|Any CPU.ActiveCfg = Debug|Any CPU
		{2960F9BA-49DE-494D-92E3-CE5A794BA1A9}.Debug|Any CPU.Build.0 = Debug|Any CPU
		{2960F9BA-49DE-494D-92E3-CE5A794BA1A9}.Release|Any CPU.ActiveCfg = Release|Any CPU
		{2960F9BA-49DE-494D-92E3-CE5A794BA1A9}.Release|Any CPU.Build.0 = Release|Any CPU
		{1889FA6E-B7C6-416E-8628-9449FB9070B9}.Debug|Any CPU.ActiveCfg = Debug|Any CPU
		{1889FA6E-B7C6-416E-8628-9449FB9070B9}.Debug|Any CPU.Build.0 = Debug|Any CPU
		{1889FA6E-B7C6-416E-8628-9449FB9070B9}.Release|Any CPU.ActiveCfg = Release|Any CPU
		{1889FA6E-B7C6-416E-8628-9449FB9070B9}.Release|Any CPU.Build.0 = Release|Any CPU
		{3B720C0C-53FE-4642-A2DB-87FD8634CD74}.Debug|Any CPU.ActiveCfg = Debug|Any CPU
		{3B720C0C-53FE-4642-A2DB-87FD8634CD74}.Debug|Any CPU.Build.0 = Debug|Any CPU
		{3B720C0C-53FE-4642-A2DB-87FD8634CD74}.Release|Any CPU.ActiveCfg = Release|Any CPU
		{3B720C0C-53FE-4642-A2DB-87FD8634CD74}.Release|Any CPU.Build.0 = Release|Any CPU
		{B01D7EF2-2D64-409A-A29A-61FB7BB7A9DB}.Debug|Any CPU.ActiveCfg = Debug|Any CPU
		{B01D7EF2-2D64-409A-A29A-61FB7BB7A9DB}.Debug|Any CPU.Build.0 = Debug|Any CPU
		{B01D7EF2-2D64-409A-A29A-61FB7BB7A9DB}.Release|Any CPU.ActiveCfg = Release|Any CPU
		{B01D7EF2-2D64-409A-A29A-61FB7BB7A9DB}.Release|Any CPU.Build.0 = Release|Any CPU
		{B1356334-8A36-4132-9DEF-50D1366C74AF}.Debug|Any CPU.ActiveCfg = Debug|Any CPU
		{B1356334-8A36-4132-9DEF-50D1366C74AF}.Debug|Any CPU.Build.0 = Debug|Any CPU
		{B1356334-8A36-4132-9DEF-50D1366C74AF}.Release|Any CPU.ActiveCfg = Release|Any CPU
		{B1356334-8A36-4132-9DEF-50D1366C74AF}.Release|Any CPU.Build.0 = Release|Any CPU
		{7C13E6B4-6FA6-4500-B3D9-9A99CC63EF58}.Debug|Any CPU.ActiveCfg = Debug|Any CPU
		{7C13E6B4-6FA6-4500-B3D9-9A99CC63EF58}.Debug|Any CPU.Build.0 = Debug|Any CPU
		{7C13E6B4-6FA6-4500-B3D9-9A99CC63EF58}.Release|Any CPU.ActiveCfg = Release|Any CPU
		{7C13E6B4-6FA6-4500-B3D9-9A99CC63EF58}.Release|Any CPU.Build.0 = Release|Any CPU
		{3CFC1D60-E46A-4027-816D-84653D29503A}.Debug|Any CPU.ActiveCfg = Debug|Any CPU
		{3CFC1D60-E46A-4027-816D-84653D29503A}.Debug|Any CPU.Build.0 = Debug|Any CPU
		{3CFC1D60-E46A-4027-816D-84653D29503A}.Release|Any CPU.ActiveCfg = Release|Any CPU
		{3CFC1D60-E46A-4027-816D-84653D29503A}.Release|Any CPU.Build.0 = Release|Any CPU
		{EB213E6E-A525-4028-98FC-620E94B0715A}.Debug|Any CPU.ActiveCfg = Debug|Any CPU
		{EB213E6E-A525-4028-98FC-620E94B0715A}.Debug|Any CPU.Build.0 = Debug|Any CPU
		{EB213E6E-A525-4028-98FC-620E94B0715A}.Release|Any CPU.ActiveCfg = Release|Any CPU
		{EB213E6E-A525-4028-98FC-620E94B0715A}.Release|Any CPU.Build.0 = Release|Any CPU
		{DB9ADE11-4EB8-4ACF-9940-61826D891C37}.Debug|Any CPU.ActiveCfg = Debug|Any CPU
		{DB9ADE11-4EB8-4ACF-9940-61826D891C37}.Debug|Any CPU.Build.0 = Debug|Any CPU
		{DB9ADE11-4EB8-4ACF-9940-61826D891C37}.Release|Any CPU.ActiveCfg = Release|Any CPU
		{DB9ADE11-4EB8-4ACF-9940-61826D891C37}.Release|Any CPU.Build.0 = Release|Any CPU
		{5951450B-F673-432E-B41F-EE406281A55C}.Debug|Any CPU.ActiveCfg = Debug|Any CPU
		{5951450B-F673-432E-B41F-EE406281A55C}.Debug|Any CPU.Build.0 = Debug|Any CPU
		{5951450B-F673-432E-B41F-EE406281A55C}.Release|Any CPU.ActiveCfg = Release|Any CPU
		{5951450B-F673-432E-B41F-EE406281A55C}.Release|Any CPU.Build.0 = Release|Any CPU
	EndGlobalSection
	GlobalSection(SolutionProperties) = preSolution
		HideSolutionNode = FALSE
	EndGlobalSection
	GlobalSection(NestedProjects) = preSolution
		{1889FA6E-B7C6-416E-8628-9449FB9070B9} = {C76D0C23-1FFA-4963-93CD-E12BD643F030}
		{B01D7EF2-2D64-409A-A29A-61FB7BB7A9DB} = {2C607793-B163-4731-A4D1-AFE8A7C4C170}
		{EB213E6E-A525-4028-98FC-620E94B0715A} = {EA080719-20FE-43C3-B1FD-329C5E3F79AF}
		{DB9ADE11-4EB8-4ACF-9940-61826D891C37} = {C76D0C23-1FFA-4963-93CD-E12BD643F030}
		{EA080719-20FE-43C3-B1FD-329C5E3F79AF} = {C76D0C23-1FFA-4963-93CD-E12BD643F030}
		{9228BBDA-0FFE-437A-AE95-92C2F8131F6E} = {C76D0C23-1FFA-4963-93CD-E12BD643F030}
		{5951450B-F673-432E-B41F-EE406281A55C} = {9228BBDA-0FFE-437A-AE95-92C2F8131F6E}
	EndGlobalSection
	GlobalSection(ExtensibilityGlobals) = postSolution
		SolutionGuid = {92F3083D-793F-4552-8A9A-0AD6534159C9}
	EndGlobalSection
EndGlobal
